
Microsoft Visual Studio Solution File, Format Version 12.00
# Visual Studio 15
VisualStudioVersion = 15.0.28307.489
MinimumVisualStudioVersion = 10.0.40219.1
Project("{FAE04EC0-301F-11D3-BF4B-00C04F79EFBC}") = "EnterpriseComposition", "EnterpriseComposition\EnterpriseComposition.csproj", "{5EDC0923-B283-40C3-B39D-41544E069C94}"
EndProject
Global
	GlobalSection(SolutionConfigurationPlatforms) = preSolution
		Debug|Any CPU = Debug|Any CPU
		Release|Any CPU = Release|Any CPU
	EndGlobalSection
	GlobalSection(ProjectConfigurationPlatforms) = postSolution
		{5EDC0923-B283-40C3-B39D-41544E069C94}.Debug|Any CPU.ActiveCfg = Debug|Any CPU
		{5EDC0923-B283-40C3-B39D-41544E069C94}.Debug|Any CPU.Build.0 = Debug|Any CPU
		{5EDC0923-B283-40C3-B39D-41544E069C94}.Release|Any CPU.ActiveCfg = Release|Any CPU
		{5EDC0923-B283-40C3-B39D-41544E069C94}.Release|Any CPU.Build.0 = Release|Any CPU
	EndGlobalSection
	GlobalSection(SolutionProperties) = preSolution
		HideSolutionNode = FALSE
	EndGlobalSection
	GlobalSection(ExtensibilityGlobals) = postSolution
		SolutionGuid = {6E8D3DB3-C90D-43F6-AF43-09FA25CBF2BE}
	EndGlobalSection
EndGlobal
